{
  "version": "2",
  "remote": {
    "https://cdn.skypack.dev/-/array-flat-polyfill@v1.0.1-l3YUpM9vpzkxx3sm0lhL/dist=es2019,mode=imports/optimized/array-flat-polyfill.js": "82bc7e4e2e47dd8a2e4024114923c42e6a1dbb1cd7c9db5c3c578a31ea63b9c3",
    "https://cdn.skypack.dev/-/clone@v2.1.2-inH2VLNzDGiYU9HUWyZM/dist=es2019,mode=imports/optimized/clone.js": "1e7f69f000e647bdf87630c150bc8c239699ea0e4ebb8651b680567e1ed16458",
    "https://cdn.skypack.dev/-/d3-array@v2.12.1-DLYr8nhtskzmh0Qw482w/dist=es2019,mode=imports/optimized/d3-array.js": "1f1f164192abf51e75e2fb66b64cbbf6ee66f4338486b86a40cfa7be02bbeac0",
    "https://cdn.skypack.dev/-/d3-array@v2.12.1-Ilh7e293asl3yQWpnFdl/dist=es2019,mode=imports/optimized/d3-array.js": "889be4ff10275425f54c1fbb6f712db6c9ee98df6538dd73997864685d06a3dc",
    "https://cdn.skypack.dev/-/d3-array@v3.1.1-Ibshj34oOmCw8da1RLSW/dist=es2019,mode=imports/optimized/d3-array.js": "8d212e48fb1a62da8a0e7d88553b89ea764175bf55da915e0fd3be06bd3ef16a",
    "https://cdn.skypack.dev/-/d3-array@v3.2.0-zhkQfnMQ2ct1k4iWdZiH/dist=es2019,mode=imports/optimized/d3-array.js": "f780681bcd01ae2d09d87a3b77f26dcd266aaff4a1d2beaf4a1cddc3f4aa32e6",
    "https://cdn.skypack.dev/-/d3-axis@v3.0.0-atdNID4TA9Y0wR53lsTq/dist=es2019,mode=imports/optimized/d3-axis.js": "d7f3dd5af78b5182a2605c524cd041a60b555ba397b52e11726b0e7f6c299923",
    "https://cdn.skypack.dev/-/d3-brush@v3.0.0-zZF17o7khA5ouA851vmE/dist=es2019,mode=imports/optimized/d3-brush.js": "84234ebab274bd3e7f19173d7433767752a4d208c28390e33ec66a39b99b7384",
    "https://cdn.skypack.dev/-/d3-chord@v3.0.1-A4yHZ9M0Due0F1e3q2ZV/dist=es2019,mode=imports/optimized/d3-chord.js": "38f91f352053738fe15634a30c5fb85eb0120a0f5d4f740bb58706d65cee7df6",
    "https://cdn.skypack.dev/-/d3-color@v2.0.0-M7DoazrAgRWgKp0xauLw/dist=es2019,mode=imports/optimized/d3-color.js": "128086b1de7d5344d73eca626bdda24e97485ff1de918b8c7c495887d0789ee5",
    "https://cdn.skypack.dev/-/d3-color@v3.0.1-PMFX4FeSjgNPlkOOfuhz/dist=es2019,mode=imports/optimized/d3-color.js": "128086b1de7d5344d73eca626bdda24e97485ff1de918b8c7c495887d0789ee5",
    "https://cdn.skypack.dev/-/d3-color@v3.1.0-MWHDMwd2Pvp3NFjvrHgn/dist=es2019,mode=imports/optimized/d3-color.js": "1453d9dd13e7753282b6dc6be612d874585492296ab877f95db116c9945e9ee4",
    "https://cdn.skypack.dev/-/d3-contour@v4.0.0-Rq38KYdeKsVFOW36EhDW/dist=es2019,mode=imports/optimized/d3-contour.js": "36f18674bb493d84967a5799c7a787df3ce4e466536725c7b933ec9f99cd4b1b",
    "https://cdn.skypack.dev/-/d3-delaunay@v5.3.0-AWQIuYwxvHOpqsSBxTbt/dist=es2019,mode=imports/optimized/d3-delaunay.js": "0d95b5c913909e54891bd2ac36c5f93db43263c31cda1256119561e1aea016cb",
    "https://cdn.skypack.dev/-/d3-delaunay@v6.0.2-W2uPNrmySJLg3U5jTBxc/dist=es2019,mode=imports/optimized/d3-delaunay.js": "bf56c0e7d4879bd7f54137e654b481bd51f19c41555df11d912088481b71a750",
    "https://cdn.skypack.dev/-/d3-dispatch@v2.0.0-DmRxN0Ic11LeXfqvlzXx/dist=es2019,mode=imports/optimized/d3-dispatch.js": "ecaccf13782f16e77f8b3c27ce78523775d3a80977b87ccf7eaaef10006efc58",
    "https://cdn.skypack.dev/-/d3-dispatch@v3.0.1-v6nbfqO2iWOSwp77fYdB/dist=es2019,mode=imports/optimized/d3-dispatch.js": "ecaccf13782f16e77f8b3c27ce78523775d3a80977b87ccf7eaaef10006efc58",
    "https://cdn.skypack.dev/-/d3-drag@v3.0.0-4A0P6WyMEG0mNkmCgMBD/dist=es2019,mode=imports/optimized/d3-drag.js": "9ab614cf5090e210b8412efa7e3152e70808b57a465b7750c70c80bb4af7b8b9",
    "https://cdn.skypack.dev/-/d3-dsv@v2.0.0-uUdcwldzPANNPyEGKCUn/dist=es2019,mode=imports/optimized/d3-dsv.js": "ee8d94e3983a87e119733e63b5269aa6ecf7db3d31b28ff325280a8b3f0f473b",
    "https://cdn.skypack.dev/-/d3-dsv@v3.0.1-u1xCRjaLJc0qqv1Z5ERe/dist=es2019,mode=imports/optimized/d3-dsv.js": "ee8d94e3983a87e119733e63b5269aa6ecf7db3d31b28ff325280a8b3f0f473b",
    "https://cdn.skypack.dev/-/d3-ease@v3.0.1-3U3Df2U0FScNGUqpZbGF/dist=es2019,mode=imports/optimized/d3-ease.js": "5412d85e916f73dd61292e25f9908d9da0d21e7ce9da1a4b913925a59cc7fa19",
    "https://cdn.skypack.dev/-/d3-fetch@v3.0.1-cfgVHfKF9cxd7T41ojNr/dist=es2019,mode=imports/optimized/d3-fetch.js": "38e08bd116a312e241357f515b570acab1b5f5a3be936ab8bb068221254edf79",
    "https://cdn.skypack.dev/-/d3-force@v2.1.1-xD3noJO2Tsh68KsVeQVz/dist=es2019,mode=imports/optimized/d3-force.js": "94ca5e573518932ac49b21c72f11d295469583dfea4aa0f9d93b464c447458b0",
    "https://cdn.skypack.dev/-/d3-force@v3.0.0-cshj62qMoyIGNIXoil9u/dist=es2019,mode=imports/optimized/d3-force.js": "124545a9ee2334413de29ebb0f67f9ea3736535badfcbb459db22a8d697d036a",
    "https://cdn.skypack.dev/-/d3-format@v2.0.0-LHjsNQf9R9i81XmXePB9/dist=es2019,mode=imports/optimized/d3-format.js": "f8167c8da61306385f6ca5ba875068d4c15e9e1db5c03491c0a432a98e21c09e",
    "https://cdn.skypack.dev/-/d3-format@v3.0.1-LyjmeNp0E5YokPvOjBaD/dist=es2019,mode=imports/optimized/d3-format.js": "f8167c8da61306385f6ca5ba875068d4c15e9e1db5c03491c0a432a98e21c09e",
    "https://cdn.skypack.dev/-/d3-format@v3.1.0-D5wAD2odDPNNWsKloKgL/dist=es2019,mode=imports/optimized/d3-format.js": "f8167c8da61306385f6ca5ba875068d4c15e9e1db5c03491c0a432a98e21c09e",
    "https://cdn.skypack.dev/-/d3-geo-projection@v3.0.0-Ixov9IPZ53qbokV1HtFZ/dist=es2019,mode=imports/optimized/d3-geo-projection.js": "a77dc7644dacf30420b26df23b457c354cdba335667f3771eb8b87522e6dcd3c",
    "https://cdn.skypack.dev/-/d3-geo-projection@v4.0.0-5Hhxj2zKHEqWYAQIFo3r/dist=es2019,mode=imports/optimized/d3-geo-projection.js": "f6c7b06bb899b573045a081b7b8752f1fe078ff40a333326847ccb929e36efcd",
    "https://cdn.skypack.dev/-/d3-geo@v2.0.2-GbED5IXVv8LfSAM0E5X9/dist=es2019,mode=imports/optimized/d3-geo.js": "368cc75b20f1fba534250062e4a1608798b42367599c2edea6925bee0b6ea4b1",
    "https://cdn.skypack.dev/-/d3-geo@v2.0.2-zBkSruiFfVO6u3ShEPhG/dist=es2019,mode=imports/optimized/d3-geo.js": "097fe1ff66abfbfe6a716e954affbd43ac7899a48cf770b802dfc3894948d9f4",
    "https://cdn.skypack.dev/-/d3-geo@v3.0.1-kwyelOm8gApBxT2oVVB9/dist=es2019,mode=imports/optimized/d3-geo.js": "48aa8b0f31d4211326e5e922629bbc044196209c095a99b030164413caa551b3",
    "https://cdn.skypack.dev/-/d3-hierarchy@v2.0.0-4H0BlPucQj9Gbb1Qc4kz/dist=es2019,mode=imports/optimized/d3-hierarchy.js": "3e6b9bfe674bb91c194421949bd00065aa550b67dc68da97f46b1e767e25b864",
    "https://cdn.skypack.dev/-/d3-hierarchy@v3.1.1-XUBgn8lKpyJLfwGxbbh8/dist=es2019,mode=imports/optimized/d3-hierarchy.js": "9b8361e2f7dbe10d6cd0a50f090b8f9f4935c2ab6a1ff6775f11b05136f06ae6",
    "https://cdn.skypack.dev/-/d3-hierarchy@v3.1.2-wx7sW10pU4OkfBLgCDCU/dist=es2019,mode=imports/optimized/d3-hierarchy.js": "5edf99f8e1d15eed964e19ac4ccac6f078f1f0afd1b2b1bb68d4c229ea5ac744",
    "https://cdn.skypack.dev/-/d3-interpolate@v2.0.1-U0ZrxaddqSMRUsLLPYR7/dist=es2019,mode=imports/optimized/d3-interpolate.js": "7d2be2a7d5b4dd419c7082a8d35ada8fe75968fcbed571d036e777203b1f9ef6",
    "https://cdn.skypack.dev/-/d3-interpolate@v3.0.1-i9AsUdFHwyaukRBWNe8d/dist=es2019,mode=imports/optimized/d3-interpolate.js": "aadf537e206a5f1e48dcab552f0a17b8f887bcee5c8ef912cd5d751a92b9b891",
    "https://cdn.skypack.dev/-/d3-path@v2.0.0-oXvrynQprguatotjJvW7/dist=es2019,mode=imports/optimized/d3-path.js": "eef281984fd57aa0661867a654b0088b199373e3a34a7973a4d035c3f4e7e06d",
    "https://cdn.skypack.dev/-/d3-path@v3.0.1-tHVDF1s2W2KiMuJCxWJF/dist=es2019,mode=imports/optimized/d3-path.js": "eef281984fd57aa0661867a654b0088b199373e3a34a7973a4d035c3f4e7e06d",
    "https://cdn.skypack.dev/-/d3-polygon@v3.0.1-foQfWyXwuAC5bEqlhZsV/dist=es2019,mode=imports/optimized/d3-polygon.js": "7688de52f49182242df95b72bcae19e004853228df152d666d5d64b1fbb6ef37",
    "https://cdn.skypack.dev/-/d3-quadtree@v2.0.0-cjdx9z1L5knDliKAp5Pp/dist=es2019,mode=imports/optimized/d3-quadtree.js": "c5ed229e76ddda0dc7068e4152878a2b1ce3d3f930e9186f7b279a5fef3877ba",
    "https://cdn.skypack.dev/-/d3-quadtree@v3.0.1-sMtwlDFghZGCTQ3UxKMT/dist=es2019,mode=imports/optimized/d3-quadtree.js": "c5ed229e76ddda0dc7068e4152878a2b1ce3d3f930e9186f7b279a5fef3877ba",
    "https://cdn.skypack.dev/-/d3-quadtree@v3.0.1-wKAOJSU7kXfXuTMQHWnz/dist=es2019,mode=imports/optimized/d3-quadtree.js": "c5ed229e76ddda0dc7068e4152878a2b1ce3d3f930e9186f7b279a5fef3877ba",
    "https://cdn.skypack.dev/-/d3-random@v3.0.1-knZTsYQXRbNdsxXPrs9z/dist=es2019,mode=imports/optimized/d3-random.js": "b370f31e2017511434ee66bc277f2f5790f6ded142e531c974ca7b134434c6e3",
    "https://cdn.skypack.dev/-/d3-scale-chromatic@v3.0.0-wlyjJbUexgtDqhQ6ksVy/dist=es2019,mode=imports/optimized/d3-scale-chromatic.js": "b421514a0108c615c38daee1fde5105993233a7f9f583dc5289b8baf443b6771",
    "https://cdn.skypack.dev/-/d3-scale@v3.3.0-ry1CQBwxpRxBupD1QXG9/dist=es2019,mode=imports/optimized/d3-scale.js": "08b7e1139a191a6f24e1ce069f0bb71a2f67bedd5bba620ac6a31123d64f954f",
    "https://cdn.skypack.dev/-/d3-scale@v4.0.2-qUv67mnQQKwRMEsPRKcO/dist=es2019,mode=imports/optimized/d3-scale.js": "c08304fc70ae543203285a0f4955a0cca909a710840e71ae05b0ca12f4c64a5f",
    "https://cdn.skypack.dev/-/d3-selection@v3.0.0-sAmQ3giCT8irML5wz1T1/dist=es2019,mode=imports/optimized/d3-selection.js": "6f8e54f41d86eadbc31fbfcc7e7000f25d454c8fb82ea10d6d768b8507b9c5e1",
    "https://cdn.skypack.dev/-/d3-shape@v2.1.0-MC4SpKel578y74MsliM9/dist=es2019,mode=imports/optimized/d3-shape.js": "1e17c778d2a3854b2f008207ddcaf1af58cb83844e67f63b19b4d0b6129a9056",
    "https://cdn.skypack.dev/-/d3-shape@v3.1.0-yz7kc2ZI0P02sA7MMeyD/dist=es2019,mode=imports/optimized/d3-shape.js": "47fea2a63486b777ebfeba69924982f1db3a0ad4824d3eddd2e1c563a8b02523",
    "https://cdn.skypack.dev/-/d3-time-format@v3.0.0-IRDcxbKsu7MvYYkQhe0L/dist=es2019,mode=imports/optimized/d3-time-format.js": "723492e982ead8ccb20fdc1a9107ef1fe02140804472f523eabfc470105cffbc",
    "https://cdn.skypack.dev/-/d3-time-format@v4.0.0-A7vYeSqgWxeXXSpz1rEp/dist=es2019,mode=imports/optimized/d3-time-format.js": "5277b829d88ffccc4272d0a4915f1f409e861635d53a185115600fa40e8cf9e3",
    "https://cdn.skypack.dev/-/d3-time-format@v4.1.0-f8eZV7eLtGIxvK8uvO3o/dist=es2019,mode=imports/optimized/d3-time-format.js": "5277b829d88ffccc4272d0a4915f1f409e861635d53a185115600fa40e8cf9e3",
    "https://cdn.skypack.dev/-/d3-time@v2.0.0-gjKVnEljVLBDqbQ9nFA3/dist=es2019,mode=imports/optimized/d3-time.js": "fd13c7f6be76503ae76b0ef97f416b2da56184fe4649d1a64a282530fcdda0c6",
    "https://cdn.skypack.dev/-/d3-time@v2.1.1-PTBGxK4TEXAXwlMfuGhA/dist=es2019,mode=imports/optimized/d3-time.js": "771a41f849cecf86de4ecdef16d1ae22b03cd503904bad3a2cdeb9257edd8651",
    "https://cdn.skypack.dev/-/d3-time@v3.0.0-Ww07wkuPsE2c8Ac33BKQ/dist=es2019,mode=imports/optimized/d3-time.js": "32505e0088a1f92257d08134be1d1f9486f290d94d879651b6cd551cdffe0954",
    "https://cdn.skypack.dev/-/d3-timer@v2.0.0-u3FJ3eign4Rpn9sjhjqn/dist=es2019,mode=imports/optimized/d3-timer.js": "df505c7058f5c598224cf2d361413829204fd576c72401c1d7d41ca870872ef2",
    "https://cdn.skypack.dev/-/d3-timer@v3.0.1-O0QpYiI2jhOLEJodLnN1/dist=es2019,mode=imports/optimized/d3-timer.js": "09209f0abd04fa0ab6f5ae396494565d91b8416a2d70c275f1e12fdc64d85a49",
    "https://cdn.skypack.dev/-/d3-transition@v3.0.1-NLGkKgSwklQ4j3crpRAR/dist=es2019,mode=imports/optimized/d3-transition.js": "a340d0ca901e9ffbf7aa19ff172299ecc224eadc91830c392eb4ad8e58f87bad",
    "https://cdn.skypack.dev/-/d3-zoom@v3.0.0-8cc3Jk08QIHb0NkNAA9L/dist=es2019,mode=imports/optimized/d3-zoom.js": "9eb84df856df7e114b3bdee9b65b2a369e48f097a67d73ba2aa093f2b9cd0a3a",
    "https://cdn.skypack.dev/-/d3@v7.6.1-1Q0NZ0WZnbYeSjDusJT3/dist=es2019,mode=imports/optimized/d3.js": "5488c17817a2fbd62b2b1e59b7031168b91c223a8cdea471bdab2e19cdd82e56",
    "https://cdn.skypack.dev/-/delaunator@v4.0.1-L2xxluDgUI2qTE5fQwYd/dist=es2019,mode=imports/optimized/delaunator.js": "05ddb0ebad516ea0a1240620b07d5bfa721adda61d2b11a8af7ccbac640af47f",
    "https://cdn.skypack.dev/-/delaunator@v5.0.0-60DR2BxrKUGp07uAwKTO/dist=es2019,mode=imports/optimized/delaunator.js": "0cfcf15af7ef8522f92f596f0a299951cc76720f23fd680dcba47b9e9e6d7253",
    "https://cdn.skypack.dev/-/fast-deep-equal@v3.1.3-ysejKs1WDEDPxUJhgGoP/dist=es2019,mode=imports/optimized/fast-deep-equal.js": "5b2131fffdf17b15c87f57ee54804af57e4cd291a99efa3a07708a2d34fec7b7",
    "https://cdn.skypack.dev/-/fast-json-patch@v3.1.1-IjacxII42OC4A6OXhkDe/dist=es2019,mode=imports/optimized/fast-json-patch.js": "8a50032720ec865d4ee159b727c3b6768cff79d0bc9d4596322a54bed52886a9",
    "https://cdn.skypack.dev/-/fast-json-stable-stringify@v2.1.0-HLgsuOtxPikt0pw16nth/dist=es2019,mode=imports/optimized/fast-json-stable-stringify.js": "2ed3a4c442b31e1443f22bdf03bd1631086ac6f78e15ba373c5ca229890b065f",
    "https://cdn.skypack.dev/-/internmap@v1.0.1-HLDkqdYa5TOMS4hva8H7/dist=es2019,mode=imports/optimized/internmap.js": "45212e2f6c4bc044bff7353c0b8b587683ee3696170f8e39a44e051c32893447",
    "https://cdn.skypack.dev/-/internmap@v1.0.1-d5fSPHHJEaTbWSVodRcs/dist=es2019,mode=imports/optimized/internmap.js": "45212e2f6c4bc044bff7353c0b8b587683ee3696170f8e39a44e051c32893447",
    "https://cdn.skypack.dev/-/internmap@v2.0.3-GWZlRrRMFcDlELwTQEZq/dist=es2019,mode=imports/optimized/internmap.js": "77e29a5bef36c16d18121b32eada72008b641365e40ace81612c17db8c9fc00b",
    "https://cdn.skypack.dev/-/json-stringify-pretty-compact@v3.0.0-RM0i5NMwoiFhg7YNuXef/dist=es2019,mode=imports/optimized/json-stringify-pretty-compact.js": "d1e3ca71875212e0b5b83bd9b8e3c5afb919688c1c41fca497accf4decdb42cc",
    "https://cdn.skypack.dev/-/robust-predicates@v3.0.1-HLqPGJ72Lz4vKeF3T1y8/dist=es2019,mode=imports/optimized/robust-predicates.js": "c5f50797ca0192ab760426db50aa8e1f4960647a0a44b7819537ea944a613dd8",
    "https://cdn.skypack.dev/-/topojson-client@v3.1.0-fyhI24JwGwsqazuuSEoq/dist=es2019,mode=imports/optimized/topojson-client.js": "580a71d2933608a652d49485845b256ae0df5a6a2ecc966c0365d0a4f9741c1c",
    "https://cdn.skypack.dev/-/vega-canvas@v1.2.6-LOIUlXMv11fR2KwlkAGG/dist=es2019,mode=imports/optimized/vega-canvas.js": "239c2761c9a9a3064397deaa34e50582f7eb3cb3d3436ecdd558b47da51a3331",
    "https://cdn.skypack.dev/-/vega-crossfilter@v4.0.5-xWksEPipsYYFVSnPTvmY/dist=es2019,mode=imports/optimized/vega-crossfilter.js": "acbc84c80b40d4972e3ee4e17bc8792cb05377a06ee51c349e6750d42b205f67",
    "https://cdn.skypack.dev/-/vega-crossfilter@v4.1.0-53dXDPaWgmJ8891tGra1/dist=es2019,mode=imports/optimized/vega-crossfilter.js": "ec675a4e2148d2ed538b16a8d4e4f869eadc9b4d72a6c29b2ef2e04a450faaab",
    "https://cdn.skypack.dev/-/vega-dataflow@v5.7.4-DrCzG6Luqf74SfPN5Hxw/dist=es2019,mode=imports/optimized/vega-dataflow.js": "e2fcc3b65bb8dee0c4ce6f867b87505878fd33b8adbe6cb29b6c62fe8337956f",
    "https://cdn.skypack.dev/-/vega-embed@v6.21.0-YSubQlVMeusyIzQAwTfO/dist=es2019,mode=imports/optimized/vega-embed.js": "42236c39b567203932d42f4c92088a78af528dcad67eb270adc49236a2abbf9e",
    "https://cdn.skypack.dev/-/vega-encode@v4.8.3-Er1eOsmkODOW2cjF6haO/dist=es2019,mode=imports/optimized/vega-encode.js": "5e478c303b53651eee668918dd4cb239e8448c911b01c1ba470e5b527e068681",
    "https://cdn.skypack.dev/-/vega-encode@v4.9.0-DTdZszvC4Sts6FFZSAIL/dist=es2019,mode=imports/optimized/vega-encode.js": "3f10d330b9762e8803b1842206588744a6b832377d2a7a36d850f57e25256bf2",
    "https://cdn.skypack.dev/-/vega-event-selector@v3.0.0-l4odHnkvkuEDkNxAGBfX/dist=es2019,mode=imports/optimized/vega-event-selector.js": "1db57749c8c2ef41424dae18e31b657f5f44cf904238275f7a11f1c828aaa94d",
    "https://cdn.skypack.dev/-/vega-expression@v5.0.0-kP0F2avA8xgwhtleXksI/dist=es2019,mode=imports/optimized/vega-expression.js": "c6e436e86d63db5d12a2ab2d1fe18ac04c9c1505960f36460da670bba579e5aa",
    "https://cdn.skypack.dev/-/vega-force@v4.0.7-PSUFEGG7pO0gjWmlkXJl/dist=es2019,mode=imports/optimized/vega-force.js": "aa190ec7ee0c5c2fa1c8ad1a016585a9ea9cd3a8a385ea69db9e3b7f1cb2b424",
    "https://cdn.skypack.dev/-/vega-force@v4.1.0-poqQfFpESyaalZJ3OVFw/dist=es2019,mode=imports/optimized/vega-force.js": "033d05b1c515d7a077d9893f568077ec36c8ab3497505cfaa4a59e14dd738ac5",
    "https://cdn.skypack.dev/-/vega-format@v1.0.4-1uFKb12DsLjjrCjIDOQK/dist=es2019,mode=imports/optimized/vega-format.js": "b5c438431ece3760ebd15120de6f2354b6b11fe9af39af52addee132668969ff",
    "https://cdn.skypack.dev/-/vega-format@v1.1.0-B5FcaDDiQ30f8APLWM4h/dist=es2019,mode=imports/optimized/vega-format.js": "cba8da7500a4d5982a2f62d9c994dcb19a00b0d708963f75e9f52a7e04981520",
    "https://cdn.skypack.dev/-/vega-functions@v5.12.1-G6oHWIVrVbJOnq67V4GW/dist=es2019,mode=imports/optimized/vega-functions.js": "d718e97341b30f4411a9121ad6fbaae8c59fc1dceb2c38ce3b63ab1cfb7bae1a",
    "https://cdn.skypack.dev/-/vega-functions@v5.13.0-qkDakSuUeiaaLfBXkzwi/dist=es2019,mode=imports/optimized/vega-functions.js": "1fb351fad40bead5532bf0aae6bba6477ed370328df64c65147678045f4bb0d7",
    "https://cdn.skypack.dev/-/vega-geo@v4.3.8-t8HdHvu697CdZfofo9vO/dist=es2019,mode=imports/optimized/vega-geo.js": "236ddb2cbf9a7954b58c37fbf7e048545314a680a1ca19237f8510b1b4c529d3",
    "https://cdn.skypack.dev/-/vega-geo@v4.4.0-OPyx4xP2BHsuPy2Mg6Tn/dist=es2019,mode=imports/optimized/vega-geo.js": "ea6a8508c00fd804b1880327f0a010ad23bca052a7c83e1ce868281272f5b1d2",
    "https://cdn.skypack.dev/-/vega-hierarchy@v4.0.9-mm0MFBUIsB8qFe70J96R/dist=es2019,mode=imports/optimized/vega-hierarchy.js": "0a1ef1eaade7a02d91efc98b2df11c1d630fa9cb43fe49f4e95b48fee22cb8c7",
    "https://cdn.skypack.dev/-/vega-hierarchy@v4.1.0-sqnz00NvC2UfwrH7Hgs4/dist=es2019,mode=imports/optimized/vega-hierarchy.js": "833951c09ff12d2f9b82ac59e77d8ea7099baed1759c7493c49da3c5eb1d7ca7",
    "https://cdn.skypack.dev/-/vega-interpreter@v1.0.4-qFpCoaHuXygwcf8IniRp/dist=es2019,mode=imports/optimized/vega-interpreter.js": "c626850b8b2f91771c13c038b35d93900ff5d747d02cb6df95850b19405e4ab8",
    "https://cdn.skypack.dev/-/vega-label@v1.1.0-82rRSsN0GT7DYrbVZq2o/dist=es2019,mode=imports/optimized/vega-label.js": "641ea4f1fb632e2d77c738258163cf95a54ab4dbd6c5e23b9d0d266fc8682400",
    "https://cdn.skypack.dev/-/vega-label@v1.2.0-hR00I9PV97W3D9H0bvXR/dist=es2019,mode=imports/optimized/vega-label.js": "41ce1ab9ebaeee49b6a5fdb639686b874a378107d6e67e1988da808c24368c56",
    "https://cdn.skypack.dev/-/vega-lite@v5.2.0-0lbC9JVxwLSC3btqiwR4/dist=es2019,mode=imports/optimized/vega-lite.js": "2c00935eabf730691c04cfa93a419779a99223c8a3875622e614076f12a2a53b",
    "https://cdn.skypack.dev/-/vega-loader@v4.4.1-g6OZb9mGT1iFgFNYp8zS/dist=es2019,mode=imports/optimized/vega-loader.js": "281375c2095827df08f43be2b208708b82ee54c1d259fa48038bd859d9730ac7",
    "https://cdn.skypack.dev/-/vega-loader@v4.5.0-NhsMLBp96EaizeMWgoMP/dist=es2019,mode=imports/optimized/vega-loader.js": "e84ae2c754e012f8fe7295cf3e697cb07753ed425bdac468103fd298188d296b",
    "https://cdn.skypack.dev/-/vega-parser@v6.1.4-PbzshukasZitnbnp29GQ/dist=es2019,mode=imports/optimized/vega-parser.js": "8cf4a8627621a469ca96bc84a6d01b3b0b2dd4ac5b2c2495f73332fc371114a8",
    "https://cdn.skypack.dev/-/vega-projection@v1.4.5-UGbyKtVUf1RmmWc1Fi5O/dist=es2019,mode=imports/optimized/vega-projection.js": "e0a4ffabafc0772b0a5fbd7b943e9437b02795e350ea7501299f85cdf569cdc2",
    "https://cdn.skypack.dev/-/vega-projection@v1.5.0-2aCowBULOQis5lDz06lM/dist=es2019,mode=imports/optimized/vega-projection.js": "e0773fbaeea2d094128681e95f01d2ceb739f4768360570c581a23d3da1281f0",
    "https://cdn.skypack.dev/-/vega-regression@v1.0.9-xTxBscBftMRJ2fbJcTyu/dist=es2019,mode=imports/optimized/vega-regression.js": "298a04d85080a599dc1e0e2e60947abef6cbbd2570d7915156d2b983ff40cacd",
    "https://cdn.skypack.dev/-/vega-regression@v1.1.0-6EPP8Ido5g7BoK0OZVk1/dist=es2019,mode=imports/optimized/vega-regression.js": "770f22fe7324d1bf356385ab0d247f0834fc7be4e07c406a033cdf33a1ae59b2",
    "https://cdn.skypack.dev/-/vega-runtime@v6.1.3-ovAqizqBEAgC6bif8m8H/dist=es2019,mode=imports/optimized/vega-runtime.js": "788b3b4e1634a63b5d193cf1ba1f9b6234324583dfa6ef53acab579b4766cc78",
    "https://cdn.skypack.dev/-/vega-scale@v7.1.1-ZDIRLXqFpzGB7NTGb7z6/dist=es2019,mode=imports/optimized/vega-scale.js": "0fbb5d9de6ed5fa0092bb1ae39292a8d540745a2eefff957f48f427ba5f3e6f0",
    "https://cdn.skypack.dev/-/vega-scale@v7.2.0-V0J4hKWZmxW22KwUY6dZ/dist=es2019,mode=imports/optimized/vega-scale.js": "01c66e62d3cff7a524339ae24d53adbd7a3c0d0e8e4b47e22523188dcb9a04f5",
    "https://cdn.skypack.dev/-/vega-scenegraph@v4.10.0-2GCI9CL2cGgIKRDV0eDe/dist=es2019,mode=imports/optimized/vega-scenegraph.js": "de2998372845253750844afe79b6540f87fe769e27f035e0ae3013904fca6bfc",
    "https://cdn.skypack.dev/-/vega-scenegraph@v4.10.1-13A4mjPlVsNAyq2Txh1f/dist=es2019,mode=imports/optimized/vega-scenegraph.js": "c50199fbfe4ad71f72a25ced5564ae9dcb125b32a346828d781628b479d98ad6",
    "https://cdn.skypack.dev/-/vega-scenegraph@v4.9.4-Rfd7OGmaS9T7w10Fz4Yx/dist=es2019,mode=imports/optimized/vega-scenegraph.js": "306edfa07f96d6a668da63150fea6d8f0204b7b841b7601968b7d2d074c78890",
    "https://cdn.skypack.dev/-/vega-schema-url-parser@v2.2.0-YmXJGRcKOXOac3VG4xfw/dist=es2019,mode=imports/optimized/vega-schema-url-parser.js": "030cfd04481e7f7d4114f6f51f6b907a9e6e19b8f2bb25d36923ec65256c5b80",
    "https://cdn.skypack.dev/-/vega-selections@v5.3.1-crM1gefxjj3cwUmv2SI7/dist=es2019,mode=imports/optimized/vega-selections.js": "8c1259dd092cfd7b985eab88acf6319942d0e6e8ff1af9c000d1cfb63b0b4d9a",
    "https://cdn.skypack.dev/-/vega-selections@v5.4.0-zzF465zXstRQFfOBiACh/dist=es2019,mode=imports/optimized/vega-selections.js": "d651fe78b9dd8229753c11790c95685de89259e4cb8f723fd3a585a08edc1e48",
    "https://cdn.skypack.dev/-/vega-statistics@v1.7.10-LV9NsWqBJNud79RMDFen/dist=es2019,mode=imports/optimized/vega-statistics.js": "78a1665fed1ed6f259294cbd44c7489ae46aeb140617e1eceeb0b8f5fe49bdea",
    "https://cdn.skypack.dev/-/vega-statistics@v1.8.0-ffGE4n8RjawoHviWdqFQ/dist=es2019,mode=imports/optimized/vega-statistics.js": "67968196dd96d9c0d950462cd99bea2393615d5d9984dac25f33aea6fdf0811d",
    "https://cdn.skypack.dev/-/vega-themes@v2.10.0-33wxlnWuQ48wMS4YBW3w/dist=es2019,mode=imports/optimized/vega-themes.js": "4fa361e83f9397d26b569f21f06d7306aca42b27985b3abd967fb028873ff3a7",
    "https://cdn.skypack.dev/-/vega-time@v2.0.4-Ylq8WGKplJoZYQPOPvwD/dist=es2019,mode=imports/optimized/vega-time.js": "f285f0eaa6e0d9e7703c2e2754b9345d34dd46cc5f282d50eaa6dc25278b09da",
    "https://cdn.skypack.dev/-/vega-time@v2.1.0-LVGYZzfDGZrYRhsP6b35/dist=es2019,mode=imports/optimized/vega-time.js": "ea1771b4952920af773697aa51c59374d4fe63b7e47b621f22e2d880f84bf0e3",
    "https://cdn.skypack.dev/-/vega-tooltip@v0.28.0-UEwOKNGrCIsyXn8r0jPO/dist=es2019,mode=imports/optimized/vega-tooltip.js": "f151bbd51cbbdfa2ffd0ee943a9b5524fc761ed9cc3c2f821a82dfbba30a263b",
    "https://cdn.skypack.dev/-/vega-transforms@v4.10.0-6o4uSGsRGTT77VpisBF3/dist=es2019,mode=imports/optimized/vega-transforms.js": "14c19a011dda526fd3c490d46bd197c66676e4d069c1431d957d974bb5a7ea85",
    "https://cdn.skypack.dev/-/vega-transforms@v4.9.4-4LMdqCJklNCYul9FkGE0/dist=es2019,mode=imports/optimized/vega-transforms.js": "4c4b1bc14de7e9b1d91f02222472581544a7f20cec49c26c453d1d12b1d6fbe0",
    "https://cdn.skypack.dev/-/vega-util@v1.17.0-uRskU0IBL2vWCP4Va8OC/dist=es2019,mode=imports/optimized/vega-util.js": "c08bae493398c18be3492e6401e357683ef4993c79a6a5a155343c1c71f77fdf",
    "https://cdn.skypack.dev/-/vega-view-transforms@v4.5.8-jtX42Ax7WNjhu4BmY9kH/dist=es2019,mode=imports/optimized/vega-view-transforms.js": "c347a714b015755c22095088623d443465a602c12c094edee060289808d17e75",
    "https://cdn.skypack.dev/-/vega-view@v5.10.1-fAFLjaYp0ql1L9mBw1Qb/dist=es2019,mode=imports/optimized/vega-view.js": "dca22a412cbba423ef411fb49371c3780553c853fbde196a491e0cbdc73962bd",
    "https://cdn.skypack.dev/-/vega-view@v5.11.0-qj2ShFtxO2P3GWqTy2DZ/dist=es2019,mode=imports/optimized/vega-view.js": "b8e527bc57965ac9e4dc539a06c7152d18d2e28461335fc5037a536ba93664e0",
    "https://cdn.skypack.dev/-/vega-voronoi@v4.1.5-mZBHefrMpeMSsiRfebXd/dist=es2019,mode=imports/optimized/vega-voronoi.js": "539740e26c3ee320eefa9dabc9db28371c5213271f1933d587c055deff47e602",
    "https://cdn.skypack.dev/-/vega-voronoi@v4.2.0-Fgoqxxi7ga1TQcAq96ZH/dist=es2019,mode=imports/optimized/vega-voronoi.js": "c4fc3aee161eadea781aa77c5a52fc04a9529008554ce9c5f1c1db5c544f3200",
    "https://cdn.skypack.dev/-/vega-wordcloud@v4.1.3-OgHUJ5oioJWjhWPaZYo1/dist=es2019,mode=imports/optimized/vega-wordcloud.js": "db7ce0ce1baf4f7ea36adc44ec19463dfb0b4441c87128de44f1bd1ee4a3a20b",
    "https://cdn.skypack.dev/-/vega@v5.21.0-p1iA2nFhhypDthI1mAci/dist=es2019,mode=imports/optimized/vega.js": "44b939b59b3de08eb1f12544b733ab539b8a7501b055a514fcd07a3d45b3c515",
    "https://cdn.skypack.dev/-/vega@v5.22.1-1GozmoxV3boOt3w4YuEn/dist=es2019,mode=imports/optimized/vega.js": "75b03977da3d6503d1009b56bbf586834725d71e75dac8b46462d70f53d8e24e",
    "https://cdn.skypack.dev/d3": "8b2420e4a4b622edb92b5b14fb53f83e4c3e8077dc1b36f608306017d25ed7c5",
    "https://cdn.skypack.dev/d3@7": "8b2420e4a4b622edb92b5b14fb53f83e4c3e8077dc1b36f608306017d25ed7c5",
    "https://cdn.skypack.dev/vega-embed": "80a645bc5ffa5fe3b275d98465c0c19a0481d468cd95ac31ac43f6172f786b4a"
  }
}
