# THIS IS AN AUTOGENERATED FILE. DO NOT EDIT THIS FILE DIRECTLY.
# yarn lockfile v1


"@playwright/test@^1.28.1":
  version "1.28.1"
  resolved "https://registry.yarnpkg.com/@playwright/test/-/test-1.28.1.tgz#e5be297e024a3256610cac2baaa9347fd57c7860"
  integrity sha512-xN6spdqrNlwSn9KabIhqfZR7IWjPpFK1835tFNgjrlysaSezuX8PYUwaz38V/yI8TJLG9PkAMEXoHRXYXlpTPQ==
  dependencies:
    "@types/node" "*"
    playwright-core "1.28.1"

"@types/node@*":
  version "18.11.9"
  resolved "https://registry.yarnpkg.com/@types/node/-/node-18.11.9.tgz#02d013de7058cea16d36168ef2fc653464cfbad4"
  integrity sha512-CRpX21/kGdzjOpFsZSkcrXMGIBWMGNIHXXBVFSH+ggkftxg+XYP20TESbh+zFvFj3EQOl5byk0HTRn1IL6hbqg==

playwright-core@1.28.1:
  version "1.28.1"
  resolved "https://registry.yarnpkg.com/playwright-core/-/playwright-core-1.28.1.tgz#8400be9f4a8d1c0489abdb9e75a4cc0ffc3c00cb"
  integrity sha512-3PixLnGPno0E8rSBJjtwqTwJe3Yw72QwBBBxNoukIj3lEeBNXwbNiKrNuB1oyQgTBw5QHUhNO3SteEtHaMK6ag==
