{
  "https://deno.land/std@0.150.0/_deno_unstable.ts": "be3276fd42cffb49f51b705c4b0aa8656aaf2a34be22d769455c8e50ea38e51a",
  "https://deno.land/std@0.150.0/_util/assert.ts": "e94f2eb37cebd7f199952e242c77654e43333c1ac4c5c700e929ea3aa5489f74",
  "https://deno.land/std@0.150.0/_util/deep_assign.ts": "52d4ed44314c5c22e9346264d1ef6c204debf3289be9f5c3c8cf3e8668595113",
  "https://deno.land/std@0.150.0/_util/os.ts": "3b4c6e27febd119d36a416d7a97bd3b0251b77c88942c8f16ee5953ea13e2e49",
  "https://deno.land/std@0.150.0/_wasm_crypto/lib/deno_std_wasm_crypto.generated.mjs": "dfcd6777d05345362c70f9f2c49abba3ed3f925fccfcf725abe2d16d51819433",
  "https://deno.land/std@0.150.0/_wasm_crypto/mod.ts": "6c60d332716147ded0eece0861780678d51b560f533b27db2e15c64a4ef83665",
  "https://deno.land/std@0.150.0/archive/tar.ts": "b42e974bdbc97526e8591ecaed59e3469955e742183fa609603b3f0b4862fa52",
  "https://deno.land/std@0.150.0/async/abortable.ts": "87aa7230be8360c24ad437212311c9e8d4328854baec27b4c7abb26e85515c06",
  "https://deno.land/std@0.150.0/async/deadline.ts": "48ac998d7564969f3e6ec6b6f9bf0217ebd00239b1b2292feba61272d5dd58d0",
  "https://deno.land/std@0.150.0/async/debounce.ts": "564273ef242bcfcda19a439132f940db8694173abffc159ea34f07d18fc42620",
  "https://deno.land/std@0.150.0/async/deferred.ts": "bc18e28108252c9f67dfca2bbc4587c3cbf3aeb6e155f8c864ca8ecff992b98a",
  "https://deno.land/std@0.150.0/async/delay.ts": "cbbdf1c87d1aed8edc7bae13592fb3e27e3106e0748f089c263390d4f49e5f6c",
  "https://deno.land/std@0.150.0/async/mod.ts": "9852cd8ed897ab2d41a8fbee611d574e97898327db5c19d9d58e41126473f02c",
  "https://deno.land/std@0.150.0/async/mux_async_iterator.ts": "5b4aca6781ad0f2e19ccdf1d1a1c092ccd3e00d52050d9c27c772658c8367256",
  "https://deno.land/std@0.150.0/async/pool.ts": "ef9eb97b388543acbf0ac32647121e4dbe629236899586c4d4311a8770fbb239",
  "https://deno.land/std@0.150.0/async/tee.ts": "bcfae0017ebb718cf4eef9e2420e8675d91cb1bcc0ed9b668681af6e6caad846",
  "https://deno.land/std@0.150.0/bytes/bytes_list.ts": "aba5e2369e77d426b10af1de0dcc4531acecec27f9b9056f4f7bfbf8ac147ab4",
  "https://deno.land/std@0.150.0/bytes/equals.ts": "3c3558c3ae85526f84510aa2b48ab2ad7bdd899e2e0f5b7a8ffc85acb3a6043a",
  "https://deno.land/std@0.150.0/bytes/mod.ts": "763f97d33051cc3f28af1a688dfe2830841192a9fea0cbaa55f927b49d49d0bf",
  "https://deno.land/std@0.150.0/collections/_comparators.ts": "b9edf2170aaccbe11407d37e8948b6867cf68fbe5225f4cd4cdb02f174227157",
  "https://deno.land/std@0.150.0/collections/_utils.ts": "fd759867be7a0047a1fa89ec89f7b58ebe3f2f7f089a8f4e416eb30c5d764868",
  "https://deno.land/std@0.150.0/collections/aggregate_groups.ts": "c2932492fce4a117b0a271082cecea193b1c3fd7db2422484e67a3c2b8872868",
  "https://deno.land/std@0.150.0/collections/associate_by.ts": "272dc97bd296dbf53ba19acc95fda2a8fa8883ed7929ad0b597cfc7efd87c106",
  "https://deno.land/std@0.150.0/collections/associate_with.ts": "2206bbc2f497768a0d73e3de08fa8a7a3d2b12e2d731ffa2b2fb7727a5d86909",
  "https://deno.land/std@0.150.0/collections/binary_heap.ts": "91c38987964d665fa9f0a978c50c15f71574221522e5df5b37070026578f56fe",
  "https://deno.land/std@0.150.0/collections/binary_search_node.ts": "44ce42e032d8701d1cbce0de4a2d991742743554d2df09783198d862284eb263",
  "https://deno.land/std@0.150.0/collections/binary_search_tree.ts": "41c84c93e8b878c68293a22df42a5e5e2dfe78734279ca1bd7ba9a9f8cc8cd15",
  "https://deno.land/std@0.150.0/collections/bs_tree.ts": "46fef9fd57edd070156b65654819b67fe7295ef20140056abae746d998e2b304",
  "https://deno.land/std@0.150.0/collections/chunk.ts": "6713208d07b9fa3535e46f6aa2c06a57fe0e7497cf7703b0808d85e56ce1c487",
  "https://deno.land/std@0.150.0/collections/deep_merge.ts": "9ec2991819a167580c923f68ff00ca40eb4704ec4521cd29d770f960bf71f66b",
  "https://deno.land/std@0.150.0/collections/distinct.ts": "6440d486163278e5b81d55299d83d6706f690b1c929165cc2c673ecd245df851",
  "https://deno.land/std@0.150.0/collections/distinct_by.ts": "52ab6146482825932f53f7da2bdd7ae3ac566d38bf1d028edbaf109a4013329e",
  "https://deno.land/std@0.150.0/collections/drop_last_while.ts": "36f01ebc2c73d1eb5bba60e76c41101a19f379ffb80b21a313a47b57e99a97d9",
  "https://deno.land/std@0.150.0/collections/drop_while.ts": "9ab60aee3956028efedb72bad6c821765bd615aebc49fe874c9f8ab82844f5ad",
  "https://deno.land/std@0.150.0/collections/filter_entries.ts": "e3995d73926835a244af192aaa9b7bb3c11641d0efb801807808e4919d281a28",
  "https://deno.land/std@0.150.0/collections/filter_keys.ts": "fd0099e0dbf2cad8e52b441a4dac3f7f46adabea3279caf89eb4ed3408cb0f96",
  "https://deno.land/std@0.150.0/collections/filter_values.ts": "faf87e3c28a8042f4e4d83c0c65cea71de2d9311644114e93b7f5c93b10cda1a",
  "https://deno.land/std@0.150.0/collections/find_single.ts": "36bd5bb4c5b5b77310dbb4795ad7a88d66efb7fbf5f839c219dc766325ba56ba",
  "https://deno.land/std@0.150.0/collections/first_not_nullish_of.ts": "7e41ff961587c00132ee2c580b4a0a2b15e0f3eb57f281738997a69c0628281b",
  "https://deno.land/std@0.150.0/collections/group_by.ts": "3cf14e55c99320fca7ce6c1521d44170ab4a62c87738937a506357b234145f11",
  "https://deno.land/std@0.150.0/collections/includes_value.ts": "5140e7ac6b09dcb6dcea705423e009a9514cc775109245f4723cf56aa8d6feda",
  "https://deno.land/std@0.150.0/collections/intersect.ts": "d9fbee487b6c5690ad72d1555d10892367028754bae6c57b9471e6b23377e0c6",
  "https://deno.land/std@0.150.0/collections/join_to_string.ts": "24e35e1a7898047aa7277fdde4526e01102d25b1c47bc5a8c6b7d37a8a83d4a0",
  "https://deno.land/std@0.150.0/collections/map_entries.ts": "f0978e222dec4e4fb9d177115f19c0f09f229f952ff897433067e95fbf3c1fb7",
  "https://deno.land/std@0.150.0/collections/map_keys.ts": "2139fe25f35a6ef2b91bb00c9cd8b5e9ff2def5a2f714c57bc31c3a45d5aa041",
  "https://deno.land/std@0.150.0/collections/map_not_nullish.ts": "3585509bb9fe9cdc6843a51ece02be972a6630922dcda0bbe24e387ec85e21dc",
  "https://deno.land/std@0.150.0/collections/map_values.ts": "7e73685397409f2a1bc5356d89a58ce0249faf9e38db29434a8733144c877a2f",
  "https://deno.land/std@0.150.0/collections/max_by.ts": "bdc89ab14345aa3e332d87caf5e0f5b9b9f7840bd41addbfa59ba3f00ec158ec",
  "https://deno.land/std@0.150.0/collections/max_of.ts": "61808e8b030ba64fc703a89959d50f607554f7739e0ccfe96c4c46646d651a30",
  "https://deno.land/std@0.150.0/collections/max_with.ts": "5adbde35bf0f4636d544d4e54ebcf5af48374ccd3a64ad26affb003621801adc",
  "https://deno.land/std@0.150.0/collections/min_by.ts": "4fb3ca15babdc354cfb194374db3bb2ef58dccb83eba81ea2fee40dffd32c58f",
  "https://deno.land/std@0.150.0/collections/min_of.ts": "8435f5f6add95bf2fc91ba229cb8e44a1fdac9d1974bd25527b83e5276fb56d3",
  "https://deno.land/std@0.150.0/collections/min_with.ts": "c3e81382f8eabd81d8bb728bd9ba843c159eef8130561a3a8e595fd26d84d7cf",
  "https://deno.land/std@0.150.0/collections/mod.ts": "989026033fc1af40cd9666fea213393ed221770422295d7161a30e2d0633d989",
  "https://deno.land/std@0.150.0/collections/partition.ts": "1b80ee5f302cab129453a0d157b6718cacfbc09cb97468100c7d73d1ab2502ef",
  "https://deno.land/std@0.150.0/collections/permutations.ts": "86475866d36016d15aae7b9c560be163b43879b6aa0b6ef412f6091783c68d51",
  "https://deno.land/std@0.150.0/collections/rb_tree.ts": "1028e50294d884d33fc30544ea54c9e911a9fc4609569ffa82f50f37661d8008",
  "https://deno.land/std@0.150.0/collections/red_black_node.ts": "c92f4e4f196eddfacce4e81de44d273f030b650d54c38938f183cc99d7290b0e",
  "https://deno.land/std@0.150.0/collections/red_black_tree.ts": "b065e14cc319d1b0090aa6acbad387b7c9cb52346c259047a0c47b9695c7cc5c",
  "https://deno.land/std@0.150.0/collections/reduce_groups.ts": "29417b912316e06bda8f2ae57d262e4ba18af076c33fedf3290c7bb5d1507f14",
  "https://deno.land/std@0.150.0/collections/running_reduce.ts": "e2f21013ea13f04d2faab4258f2b6004153f420c8680cb03b56637b56e6eda1d",
  "https://deno.land/std@0.150.0/collections/sample.ts": "f3cb000285da721952bf1c79c5baaa613d742b19bf1a738767a41312be6ddb25",
  "https://deno.land/std@0.150.0/collections/sliding_windows.ts": "b386957c2ee81111c316f90585f71faee893952cd5f9426db60f15934ddf6659",
  "https://deno.land/std@0.150.0/collections/sort_by.ts": "224fb6bc59f940c6521f06cd81b5f5a5eb887e86e9078070d14299a0847614f4",
  "https://deno.land/std@0.150.0/collections/sum_of.ts": "106a416e4169a78f0e8e6dc5c71f25b3b96cafb3f8713f36737cba6c4008580d",
  "https://deno.land/std@0.150.0/collections/take_last_while.ts": "17c57d73397819458f0e6c969a2044d16cd89cb7ecc2c7bb1015ab465f74f1fd",
  "https://deno.land/std@0.150.0/collections/take_while.ts": "b66dfb3d9e9c16f3973c5824ee7f04107eb3251f4ec7a5f6b0e26d672ee592bd",
  "https://deno.land/std@0.150.0/collections/union.ts": "436587bd092d9675bcf9fc8c6c4b82e10920b2127e2107b9b810dc594e2d9164",
  "https://deno.land/std@0.150.0/collections/unzip.ts": "bfc58ee369b48e14c3de74c35f32be2ae255c0ef26dba10da1ec192f93428ee4",
  "https://deno.land/std@0.150.0/collections/without_all.ts": "f18b9a5e3fe3bbb4f65e92ca41ca0ade6975f44c0afbe6cf0e66d56fbe193249",
  "https://deno.land/std@0.150.0/collections/zip.ts": "7249710fe38ab802ec0a246e5e55dc01a8188e3aff43bc4eb7d46afeb5adda95",
  "https://deno.land/std@0.150.0/crypto/_fnv/fnv32.ts": "aa9bddead8c6345087d3abd4ef35fb9655622afc333fc41fff382b36e64280b5",
  "https://deno.land/std@0.150.0/crypto/_fnv/fnv64.ts": "625d7e7505b6cb2e9801b5fd6ed0a89256bac12b2bbb3e4664b85a88b0ec5bef",
  "https://deno.land/std@0.150.0/crypto/_fnv/index.ts": "a8f6a361b4c6d54e5e89c16098f99b6962a1dd6ad1307dbc97fa1ecac5d7060a",
  "https://deno.land/std@0.150.0/crypto/_fnv/util.ts": "4848313bed7f00f55be3cb080aa0583fc007812ba965b03e4009665bde614ce3",
  "https://deno.land/std@0.150.0/crypto/mod.ts": "037fc8712e6a0f4346957c1257e2befe3668c4ec2e89c3278859bfbe3047df76",
  "https://deno.land/std@0.150.0/datetime/formatter.ts": "7c8e6d16a0950f400aef41b9f1eb9168249869776ec520265dfda785d746589e",
  "https://deno.land/std@0.150.0/datetime/mod.ts": "28cdfd81f4e02696e2663807234e857cb08bb13f5573db862c7cd4a6287e2bde",
  "https://deno.land/std@0.150.0/datetime/tokenizer.ts": "7381e28f6ab51cb504c7e132be31773d73ef2f3e1e50a812736962b9df1e8c47",
  "https://deno.land/std@0.150.0/encoding/_toml/parser.ts": "70e459891b514906db15dca739d567d59cdcf97e14d630ea79f619a088a187ae",
  "https://deno.land/std@0.150.0/encoding/_yaml/dumper/dumper.ts": "51998d88c46f2720bf6c2d16416873a0501f69ea8648faf270cba41ad54a5580",
  "https://deno.land/std@0.150.0/encoding/_yaml/dumper/dumper_state.ts": "3c1bc8519c1832f0f136856881b97f0b42f64b7968767dbc36b8b0b6cae963dc",
  "https://deno.land/std@0.150.0/encoding/_yaml/error.ts": "6ca899f6d86c6979bce6d7c3a6a8e2a360b09d8b0f55d2e649bd1233604fb7c9",
  "https://deno.land/std@0.150.0/encoding/_yaml/loader/loader.ts": "525bd770f4b4def0465bb134a7b2ac9ab024f439990b60b6188278803c4615b8",
  "https://deno.land/std@0.150.0/encoding/_yaml/loader/loader_state.ts": "59124e56d864274ce4043dca8bf63e937c6e960e4ad120465e424b38f3469b2d",
  "https://deno.land/std@0.150.0/encoding/_yaml/mark.ts": "7f67f43755b2602fefe52012eb3ab627880da97edd0f6c00f916ceb2ddb1b5d1",
  "https://deno.land/std@0.150.0/encoding/_yaml/parse.ts": "8f362dc01401099263d73a4bfa00bc90ea456d202507d62a11dfcfeac74484f5",
  "https://deno.land/std@0.150.0/encoding/_yaml/schema.ts": "83717fbf829f1caba84ff02e468c8792c47491fd202b1d95776ed0d8f58ea559",
  "https://deno.land/std@0.150.0/encoding/_yaml/schema/core.ts": "bcb47a389d596369fbfccf73a6b221ac3ca5440149b4f6df1e707f2efc6854ef",
  "https://deno.land/std@0.150.0/encoding/_yaml/schema/default.ts": "8b6bd9cb1cab07a3397e1cc3843edba6ad40d1bd15687c1f56cd977da834d984",
  "https://deno.land/std@0.150.0/encoding/_yaml/schema/extended.ts": "5e0bfd9a28c7a82ba40fc7ff7890df7469ec85390320349974acbc627ae1be88",
  "https://deno.land/std@0.150.0/encoding/_yaml/schema/failsafe.ts": "7254a9ca0dff8f30377098622812e55c4535aaf352fecb4ec51939e596bd74e7",
  "https://deno.land/std@0.150.0/encoding/_yaml/schema/json.ts": "2205d0d3d3377de56f92ac0f4a82bf561ea0d7b86eb195c9f0c32c7c7871d78f",
  "https://deno.land/std@0.150.0/encoding/_yaml/schema/mod.ts": "6769df6082aceee9849f71168f4353ba4f92e4a2a5a429a422debac13a593d4e",
  "https://deno.land/std@0.150.0/encoding/_yaml/state.ts": "374b8dc170417beccb364e543b25eef73576196f4a526836bb3a621b87a204a3",
  "https://deno.land/std@0.150.0/encoding/_yaml/stringify.ts": "ec15035c1928f96f4e42c0a0e9f3082512e294fd6b8ff6a0403a3ee9282f69aa",
  "https://deno.land/std@0.150.0/encoding/_yaml/type.ts": "95ad0cdbab49343b1527ebc7762c477726c34702438375be6781b44e03e9fcfc",
  "https://deno.land/std@0.150.0/encoding/_yaml/type/binary.ts": "8ae1bdeebe090133b1d1e1ef8427d5ea03f8b6f8944bd2eca578c81330700b0a",
  "https://deno.land/std@0.150.0/encoding/_yaml/type/bool.ts": "95c030531adc3d66a59979dc25c2fcdeb1f58ae40a91d6f9e9a537af0fd2b5a4",
  "https://deno.land/std@0.150.0/encoding/_yaml/type/float.ts": "0c39a6a3bb7cd90178c5bcdeb73a7b6865482db5b8b0495883289a8bc2d541fb",
  "https://deno.land/std@0.150.0/encoding/_yaml/type/function.ts": "b5642dda5ef8d47c0325a2b89a022cbce3be45ba21f8c4f9202364d967c6b3e5",
  "https://deno.land/std@0.150.0/encoding/_yaml/type/int.ts": "7197cba96ad8ad3c596ca34a364dacdf91ef396c462c6c2daecbdec056353f3d",
  "https://deno.land/std@0.150.0/encoding/_yaml/type/map.ts": "78bf5447d2e3f79d59bf7cb63a76ca7797854a0d8e2154c6fd35775c4e5c8c61",
  "https://deno.land/std@0.150.0/encoding/_yaml/type/merge.ts": "094b272e6087c6aef39cd9617fa6603ec934e507faad6c276d293e2734f9b083",
  "https://deno.land/std@0.150.0/encoding/_yaml/type/mod.ts": "b2f267dc0b0296cf8f6109aa129e2cf6d1e1f8c59f8903f0330c18749eca2d3c",
  "https://deno.land/std@0.150.0/encoding/_yaml/type/nil.ts": "1988843acab56e99e883cd047c40cc7fb799b6d335f541f022ae3b914abcbe35",
  "https://deno.land/std@0.150.0/encoding/_yaml/type/omap.ts": "fd3f2f9a8ae634996da84d021353ac8bf4b41e714f2711159d756d0e2f3aabd1",
  "https://deno.land/std@0.150.0/encoding/_yaml/type/pairs.ts": "90736f87b6e39a144205a235d8851f7bebf6bb3835fd03742c30253d5ecd7ec5",
  "https://deno.land/std@0.150.0/encoding/_yaml/type/regexp.ts": "a9e70491fa7ede8689b933d81142aa7635a253733a4df626bd479c55cb64222e",
  "https://deno.land/std@0.150.0/encoding/_yaml/type/seq.ts": "135f37a1b6dcb3688bc0dad0c9dc3a04370b1fc94267960586ea23877ffd3088",
  "https://deno.land/std@0.150.0/encoding/_yaml/type/set.ts": "2937ac0e1ce8c121a4009e74568e341e2a380fdb5f41f16050ce2ca7537b2bd8",
  "https://deno.land/std@0.150.0/encoding/_yaml/type/str.ts": "6420d3a0099d9fbc35861241b7dad65b800ff3909efe71ab71c895326187ab8d",
  "https://deno.land/std@0.150.0/encoding/_yaml/type/timestamp.ts": "3db0667dd9bdc3b3f0e8596fff023e87bc9fca230a545bb67d0bf3b732c1c656",
  "https://deno.land/std@0.150.0/encoding/_yaml/type/undefined.ts": "5b595082d064cf50a3345f5fdda8c02beb0768e9d97d4bd4c53ac81a9f94e185",
  "https://deno.land/std@0.150.0/encoding/_yaml/utils.ts": "c7e6bf055b08fffe700c7cbdfa2939cab7b9676ff75b6dc98d72d41b3b173d37",
  "https://deno.land/std@0.150.0/encoding/ascii85.ts": "e694ec7c1a28af9cd2cef3b66efb576c03c2a3860d90ca60f4a4a8d5aeb37595",
  "https://deno.land/std@0.150.0/encoding/base32.ts": "21e9cefbd38577a6c7af137ad74953927cdb3bd26bf3e39a84beccf630f205e1",
  "https://deno.land/std@0.150.0/encoding/base64.ts": "c8c16b4adaa60d7a8eee047c73ece26844435e8f7f1328d74593dbb2dd58ea4f",
  "https://deno.land/std@0.150.0/encoding/base64url.ts": "0f25223d77ddc3133590cd7136fb6ca0a7754008131ef8cc8a2240566e8a3fba",
  "https://deno.land/std@0.150.0/encoding/binary.ts": "f962aa3ea2385e11bfa46261cb0d4049dccab52496dd8f7dea5e73b1ed241005",
  "https://deno.land/std@0.150.0/encoding/csv.ts": "6eaded7d5d64eda5b80482b8cbe14c67fcb9919855354c8206f194456b31af7c",
  "https://deno.land/std@0.150.0/encoding/csv/_io.ts": "91a61ee8ec8151126479453c71b7cb789fbb2bd224052360e39a79f81df1f3dc",
  "https://deno.land/std@0.150.0/encoding/csv_stringify.ts": "b6397d6ab330b9954872558ac21a384376c2c4f29b86fbf56b9cdd7b462fa5dd",
  "https://deno.land/std@0.150.0/encoding/hex.ts": "7f023e1e51cfd6b189682e602e8640939e7be71a300a2fcf3daf8f84dc609bbc",
  "https://deno.land/std@0.150.0/encoding/toml.ts": "368aef2dbc32dd17911f391e0f5a5eecfe51457ed56a5bc752632f8d6a1723ce",
  "https://deno.land/std@0.150.0/encoding/yaml.ts": "6760095814791325684cd146d10d49eef32bc4328a0516bf88fac9dc2cffa423",
  "https://deno.land/std@0.150.0/flags/mod.ts": "594472736e24b2f2afd3451cf7ccd58a21706ce91006478a544fdfa056c69697",
  "https://deno.land/std@0.150.0/fmt/bytes.ts": "78d58b14ca9e0ced103810874ce84e7a1b11b091f09b6cd07764080aab56eae8",
  "https://deno.land/std@0.150.0/fmt/colors.ts": "6f9340b7fb8cc25a993a99e5efc56fe81bb5af284ff412129dd06df06f53c0b4",
  "https://deno.land/std@0.150.0/fmt/printf.ts": "e2c0f72146aed1efecf0c39ab928b26ae493a2278f670a871a0fbdcf36ff3379",
  "https://deno.land/std@0.150.0/fs/_util.ts": "2cf50bfb1081c2d5f2efec10ac19abbc2baf478e51cd1b057d0da2f30585b6ba",
  "https://deno.land/std@0.150.0/fs/copy.ts": "9248d1492599957af8c693ceb10a432b09f0b0b61c60a4d6aff29b0c7d3a17b3",
  "https://deno.land/std@0.150.0/fs/empty_dir.ts": "7274d87160de34cbed0531e284df383045cf43543bbeadeb97feac598bd8f3c5",
  "https://deno.land/std@0.150.0/fs/ensure_dir.ts": "9dc109c27df4098b9fc12d949612ae5c9c7169507660dcf9ad90631833209d9d",
  "https://deno.land/std@0.150.0/fs/ensure_file.ts": "7d353e64fee3d4d1e7c6b6726a2a5e987ba402c15fb49566309042887349c545",
  "https://deno.land/std@0.150.0/fs/ensure_link.ts": "489e23df9fe3e6636048b5830ddf0f111eb29621eb85719255ad9bd645f3471b",
  "https://deno.land/std@0.150.0/fs/ensure_symlink.ts": "88dc83de1bc90ed883dd458c2d2eae3d5834a4617d12925734836e1f0803b274",
  "https://deno.land/std@0.150.0/fs/eol.ts": "b92f0b88036de507e7e6fbedbe8f666835ea9dcbf5ac85917fa1fadc919f83a5",
  "https://deno.land/std@0.150.0/fs/exists.ts": "cb734d872f8554ea40b8bff77ad33d4143c1187eac621a55bf37781a43c56f6d",
  "https://deno.land/std@0.150.0/fs/expand_glob.ts": "143400698822117018c3646f4b7d2d418bc5cdede1ec837a8c70013b7711c761",
  "https://deno.land/std@0.150.0/fs/mod.ts": "7111008fcdf935f1bfdf07f881f4d1e152063d146025e9622ae12d1fd5f4d7b8",
  "https://deno.land/std@0.150.0/fs/move.ts": "0573cedcf583f09a9494f2dfccbf67de68a93629942d6b5e6e74a9e45d4e8a2e",
  "https://deno.land/std@0.150.0/fs/walk.ts": "6ce8d87fbaeda23383e979599ad27f3f94b3e5ff0c0cd976b5fc5c2aa0df7d92",
  "https://deno.land/std@0.150.0/hash/_wasm/hash.ts": "b408d3859efa8f755fabe63042df9872353bbd3a9c72943e4a6cda1de53e3aa6",
  "https://deno.land/std@0.150.0/hash/_wasm/lib/deno_hash.generated.mjs": "1591bee0464c0bdcf29fb21951d0cccf1a93d7f47ea7b67bcf90f151a66b1cff",
  "https://deno.land/std@0.150.0/hash/hasher.ts": "42fa30957370d69d22800a901ee147a2539b2b8cf3a9000737a4b0fb2317bb8f",
  "https://deno.land/std@0.150.0/hash/mod.ts": "ab09b46ca0de478d7e93f39f50a20f77fecd7ff66d046e9d78058cce714171e2",
  "https://deno.land/std@0.150.0/http/_negotiation/common.ts": "410e902f01cdd324e4746e8017595be4fc357d6fc4cd6044f2f808a943d7eaf7",
  "https://deno.land/std@0.150.0/http/_negotiation/encoding.ts": "f749c1d539d139af783e8a7741de5a47a98a5e3c9af82b8af512567ccf5fe632",
  "https://deno.land/std@0.150.0/http/_negotiation/language.ts": "53c306186904d2dace4c624a8822542866ad332a7f40ac90e0af1504f95c63d0",
  "https://deno.land/std@0.150.0/http/_negotiation/media_type.ts": "ecdda87286495f7ff25116858f5088856953e2f1585e593d314e0c71b826a137",
  "https://deno.land/std@0.150.0/http/cookie.ts": "526f27762fad7bf84fbe491de7eba7c406057501eec6edcad7884a16b242fddf",
  "https://deno.land/std@0.150.0/http/http_errors.ts": "fe9b7f95f7ee0592c3306f8c7aed03ba53d55d1ef81e00041c1171b9588f46d9",
  "https://deno.land/std@0.150.0/http/http_status.ts": "897575a7d6bc2b9123f6a38ecbc0f03d95a532c5d92029315dc9f508e12526b8",
  "https://deno.land/std@0.150.0/http/mod.ts": "5ee35ba373801c3c82662b8348be74e39d1af9c20716645301c1a91997607615",
  "https://deno.land/std@0.150.0/http/negotiation.ts": "f35b1ff2ad4ff9feaa00ac234960b398172768205c8eceaef7f2eafe34716ba2",
  "https://deno.land/std@0.150.0/http/server.ts": "0b0a9f3abfcfecead944b31ee9098a0c11a59b0495bf873ee200eb80e7441483",
  "https://deno.land/std@0.150.0/io/buffer.ts": "bd0c4bf53db4b4be916ca5963e454bddfd3fcd45039041ea161dbf826817822b",
  "https://deno.land/std@0.150.0/io/files.ts": "d199ef64e918a256320ba8d8d44ae91de87c9077df8f8d6cca013f1b9fbbe285",
  "https://deno.land/std@0.150.0/io/mod.ts": "83426d8049476fa080a120115a791152b34afbaf35848271481bb70215aa489f",
  "https://deno.land/std@0.150.0/io/readers.ts": "45847ad404afd2f605eae1cff193f223462bc55eeb9ae313c2f3db28aada0fd6",
  "https://deno.land/std@0.150.0/io/streams.ts": "988a19155b52161f0035ce539e2f1d12edbc4c389fa7633da832a64e6edbe1a0",
  "https://deno.land/std@0.150.0/io/types.d.ts": "0cae3a62da7a37043661746c65c021058bae020b54e50c0e774916e5d4baee43",
  "https://deno.land/std@0.150.0/io/util.ts": "078da53bba767bec0d45f7da44411f6dbf269e51ef7fcfea5e3714e04681c674",
  "https://deno.land/std@0.150.0/io/writers.ts": "2e1c63ffd0cfba411b1fd8374609abff9ea86187c9d4d885d42e6fc20325ef0e",
  "https://deno.land/std@0.150.0/log/handlers.ts": "b88c24df61eaeee8581dbef3622f21aebfd061cd2fda49affc1711c0e54d57da",
  "https://deno.land/std@0.150.0/log/levels.ts": "82c965b90f763b5313e7595d4ba78d5095a13646d18430ebaf547526131604d1",
  "https://deno.land/std@0.150.0/log/logger.ts": "4d25581bc02dfbe3ad7e8bb480e1f221793a85be5e056185a0cea134f7a7fdf4",
  "https://deno.land/std@0.150.0/log/mod.ts": "65d2702785714b8d41061426b5c279f11b3dcbc716f3eb5384372a430af63961",
  "https://deno.land/std@0.150.0/media_types/_util.ts": "ce9b4fc4ba1c447dafab619055e20fd88236ca6bdd7834a21f98bd193c3fbfa1",
  "https://deno.land/std@0.150.0/media_types/mod.ts": "2d4b6f32a087029272dc59e0a55ae3cc4d1b27b794ccf528e94b1925795b3118",
  "https://deno.land/std@0.150.0/media_types/vendor/mime-db.v1.52.0.ts": "724cee25fa40f1a52d3937d6b4fbbfdd7791ff55e1b7ac08d9319d5632c7f5af",
  "https://deno.land/std@0.150.0/path/_constants.ts": "df1db3ffa6dd6d1252cc9617e5d72165cd2483df90e93833e13580687b6083c3",
  "https://deno.land/std@0.150.0/path/_interface.ts": "ee3b431a336b80cf445441109d089b70d87d5e248f4f90ff906820889ecf8d09",
  "https://deno.land/std@0.150.0/path/_util.ts": "c1e9686d0164e29f7d880b2158971d805b6e0efc3110d0b3e24e4b8af2190d2b",
  "https://deno.land/std@0.150.0/path/common.ts": "bee563630abd2d97f99d83c96c2fa0cca7cee103e8cb4e7699ec4d5db7bd2633",
  "https://deno.land/std@0.150.0/path/glob.ts": "cb5255638de1048973c3e69e420c77dc04f75755524cb3b2e160fe9277d939ee",
  "https://deno.land/std@0.150.0/path/mod.ts": "4945b430b759b0b3d98f2a278542cbcf95e0ad2bd8eaaed3c67322b306b2b346",
  "https://deno.land/std@0.150.0/path/posix.ts": "c1f7afe274290ea0b51da07ee205653b2964bd74909a82deb07b69a6cc383aaa",
  "https://deno.land/std@0.150.0/path/separator.ts": "fe1816cb765a8068afb3e8f13ad272351c85cbc739af56dacfc7d93d710fe0f9",
  "https://deno.land/std@0.150.0/path/win32.ts": "bd7549042e37879c68ff2f8576a25950abbfca1d696d41d82c7bca0b7e6f452c",
  "https://deno.land/std@0.150.0/permissions/mod.ts": "2acefb9c011fa034c09180374ac7ab3abf289c0a40691365ed05a7aac9b8dd0e",
  "https://deno.land/std@0.150.0/signal/mod.ts": "f974e4c02dd61b8a79b0787d022b8cadbf5dfe94de91701fcd6ce06b2e43befa",
  "https://deno.land/std@0.150.0/streams/buffer.ts": "ee47194022d47fa23d4749b8afbadc83c237c4595467a9bddb322af0dd205815",
  "https://deno.land/std@0.150.0/streams/conversion.ts": "fc3db02026183da795fa32ac7549868e9f19c75ba029d4b4c3739af62b48517a",
  "https://deno.land/std@0.150.0/streams/delimiter.ts": "4c568cdbdc71a8563f8e3b032ec0bbd52992fc4a1cf257baa00cf6b4f7034bd4",
  "https://deno.land/std@0.150.0/streams/merge.ts": "88ed3dfa030ae076802688e4cadd762a251a41d81ed1776dfd9a2a9a0e970195",
  "https://deno.land/std@0.150.0/streams/mod.ts": "d7d8fa97f79bca052eba8b6df9c4602403d144cf97ec9f6d0896c787dae0a9de",
  "https://deno.land/std@0.150.0/testing/_diff.ts": "029a00560b0d534bc0046f1bce4bd36b3b41ada3f2a3178c85686eb2ff5f1413",
  "https://deno.land/std@0.150.0/testing/_format.ts": "0d8dc79eab15b67cdc532826213bbe05bccfd276ca473a50a3fc7bbfb7260642",
  "https://deno.land/std@0.150.0/testing/asserts.ts": "0ee58a557ac764e762c62bb21f00e7d897e3919e71be38b2d574fb441d721005",
  "https://deno.land/std@0.150.0/textproto/mod.ts": "3710169e2dfd9f5d6a7f586d0da8347516a5ee87f2c8ff9df63f042de27c0d5e",
  "https://deno.land/std@0.150.0/uuid/_common.ts": "76e1fdfb03aecf733f7b3a5edc900f5734f2433b359fdb1535f8de72873bdb3f",
  "https://deno.land/std@0.150.0/uuid/mod.ts": "7b5d5142fb15dd8ca96561c29d92ba8e7158dcc8c2742cf410ace17004385eac",
  "https://deno.land/std@0.150.0/uuid/v1.ts": "7123410ef9ce980a4f2e54a586ccde5ed7063f6f119a70d86eebd92f8e100295",
  "https://deno.land/std@0.150.0/uuid/v4.ts": "1f16be927bcca5cafb2408f3b2f205c2a4e54c58f56775770e2d3d20dfb21f70",
  "https://deno.land/std@0.150.0/uuid/v5.ts": "1cf2d86112afe0d5d291fbfc3b9729f3cf8524c4eb7d613011d029e45d6194f6"
}
