# This file is automatically @generated by Cargo.
# It is not intended for manual editing.
version = 3

[[package]]
name = "quarto"
version = "1.1.0"
dependencies = [
 "static_vcruntime",
]

[[package]]
name = "static_vcruntime"
version = "2.0.0"
source = "registry+https://github.com/rust-lang/crates.io-index"
checksum = "954e3e877803def9dc46075bf4060147c55cd70db97873077232eae0269dc89b"
